
Microsoft Visual Studio Solution File, Format Version 12.00
# Visual Studio Version 17
VisualStudioVersion = 17.2.32602.215
MinimumVisualStudioVersion = 10.0.40219.1
Project("{FAE04EC0-301F-11D3-BF4B-00C04F79EFBC}") = "FieldAssistWebApi", "FieldAssistWebApi.csproj", "{41898178-E4F6-4E00-84C7-8726D6921EFC}"
EndProject
Global
	GlobalSection(SolutionConfigurationPlatforms) = preSolution
		Debug|Any CPU = Debug|Any CPU
		Release|Any CPU = Release|Any CPU
	EndGlobalSection
	GlobalSection(ProjectConfigurationPlatforms) = postSolution
		{41898178-E4F6-4E00-84C7-8726D6921EFC}.Debug|Any CPU.ActiveCfg = Debug|Any CPU
		{41898178-E4F6-4E00-84C7-8726D6921EFC}.Debug|Any CPU.Build.0 = Debug|Any CPU
		{41898178-E4F6-4E00-84C7-8726D6921EFC}.Release|Any CPU.ActiveCfg = Release|Any CPU
		{41898178-E4F6-4E00-84C7-8726D6921EFC}.Release|Any CPU.Build.0 = Release|Any CPU
	EndGlobalSection
	GlobalSection(SolutionProperties) = preSolution
		HideSolutionNode = FALSE
	EndGlobalSection
	GlobalSection(ExtensibilityGlobals) = postSolution
		SolutionGuid = {747631B3-2CA1-448A-AA1A-C43CDB488494}
	EndGlobalSection
EndGlobal
